// !$*UTF8*$!
{
	archiveVersion = 1;
	classes = {
	};
	objectVersion = 56;
	objects = {

/* Begin PBXBuildFile section */
		BC06E8472C7C86EA00148785 /* UIScrollView+Extension.swift in Sources */ = {isa = PBXBuildFile; fileRef = BC06E8462C7C86EA00148785 /* UIScrollView+Extension.swift */; };
		BC06E8492C7C8B7700148785 /* NovelDetailViewController.swift in Sources */ = {isa = PBXBuildFile; fileRef = BC06E8482C7C8B7700148785 /* NovelDetailViewController.swift */; };
		BC06E84B2C7C8BAF00148785 /* NovelDetailView.swift in Sources */ = {isa = PBXBuildFile; fileRef = BC06E84A2C7C8BAF00148785 /* NovelDetailView.swift */; };
		BC06E84D2C7CC80200148785 /* ViewTransitaion.swift in Sources */ = {isa = PBXBuildFile; fileRef = BC06E84C2C7CC80200148785 /* ViewTransitaion.swift */; };
		BC06E84F2C7CC83800148785 /* NovelDetailViewModel.swift in Sources */ = {isa = PBXBuildFile; fileRef = BC06E84E2C7CC83800148785 /* NovelDetailViewModel.swift */; };
		BC06E8512C7CCA8F00148785 /* ViewModelProvider.swift in Sources */ = {isa = PBXBuildFile; fileRef = BC06E8502C7CCA8F00148785 /* ViewModelProvider.swift */; };
		BC06E8532C7CCB9B00148785 /* ViewControllerProvider.swift in Sources */ = {isa = PBXBuildFile; fileRef = BC06E8522C7CCB9B00148785 /* ViewControllerProvider.swift */; };
		BC06E8552C7CD77000148785 /* HashTagLabel.swift in Sources */ = {isa = PBXBuildFile; fileRef = BC06E8542C7CD77000148785 /* HashTagLabel.swift */; };
		BC06E8572C7CE03400148785 /* InfoView.swift in Sources */ = {isa = PBXBuildFile; fileRef = BC06E8562C7CE03400148785 /* InfoView.swift */; };
		BC06E8682C7DBAD100148785 /* CustomButton.swift in Sources */ = {isa = PBXBuildFile; fileRef = BC06E8672C7DBAD100148785 /* CustomButton.swift */; };
		BC06E86A2C7DD14B00148785 /* NovelDetailCollectionView.swift in Sources */ = {isa = PBXBuildFile; fileRef = BC06E8692C7DD14B00148785 /* NovelDetailCollectionView.swift */; };
		BC06E86D2C7DD49B00148785 /* HashTagListCell.swift in Sources */ = {isa = PBXBuildFile; fileRef = BC06E86C2C7DD49B00148785 /* HashTagListCell.swift */; };
		BC097C622C7330120038A21C /* RetryInterceptor.swift in Sources */ = {isa = PBXBuildFile; fileRef = BC097C612C7330120038A21C /* RetryInterceptor.swift */; };
		BC097C642C73583A0038A21C /* PostsModel.swift in Sources */ = {isa = PBXBuildFile; fileRef = BC097C632C73583A0038A21C /* PostsModel.swift */; };
		BC097C682C737F170038A21C /* QueryBuilder.swift in Sources */ = {isa = PBXBuildFile; fileRef = BC097C672C737F170038A21C /* QueryBuilder.swift */; };
		BC097C6A2C739C3A0038A21C /* GetPostsModel.swift in Sources */ = {isa = PBXBuildFile; fileRef = BC097C692C739C3A0038A21C /* GetPostsModel.swift */; };
		BC097C732C7485270038A21C /* EpisodeViewerViewController.swift in Sources */ = {isa = PBXBuildFile; fileRef = BC097C722C7485270038A21C /* EpisodeViewerViewController.swift */; };
		BC097C782C74C37E0038A21C /* UIView+Extension.swift in Sources */ = {isa = PBXBuildFile; fileRef = BC097C772C74C37E0038A21C /* UIView+Extension.swift */; };
		BC097C832C74E0F70038A21C /* EpisodeViewerViewModel.swift in Sources */ = {isa = PBXBuildFile; fileRef = BC097C822C74E0F70038A21C /* EpisodeViewerViewModel.swift */; };
		BC097C8A2C74E2020038A21C /* BaseViewController.swift in Sources */ = {isa = PBXBuildFile; fileRef = BC097C892C74E2020038A21C /* BaseViewController.swift */; };
		BC097C8C2C74E23B0038A21C /* BaseView.swift in Sources */ = {isa = PBXBuildFile; fileRef = BC097C8B2C74E23B0038A21C /* BaseView.swift */; };
		BC097C8E2C74E2CB0038A21C /* BaseCollectionViewCell.swift in Sources */ = {isa = PBXBuildFile; fileRef = BC097C8D2C74E2CB0038A21C /* BaseCollectionViewCell.swift */; };
		BC097C912C74E3590038A21C /* Resource.swift in Sources */ = {isa = PBXBuildFile; fileRef = BC097C902C74E3590038A21C /* Resource.swift */; };
		BC097C952C74E3C80038A21C /* UIColor+Extension.swift in Sources */ = {isa = PBXBuildFile; fileRef = BC097C942C74E3C80038A21C /* UIColor+Extension.swift */; };
		BC097C972C74E4500038A21C /* BaseCollectionResuableView.swift in Sources */ = {isa = PBXBuildFile; fileRef = BC097C962C74E4500038A21C /* BaseCollectionResuableView.swift */; };
		BC097C992C74F7C20038A21C /* BaseModel.swift in Sources */ = {isa = PBXBuildFile; fileRef = BC097C982C74F7C20038A21C /* BaseModel.swift */; };
		BC097C9B2C7500F80038A21C /* CommentsModel.swift in Sources */ = {isa = PBXBuildFile; fileRef = BC097C9A2C7500F80038A21C /* CommentsModel.swift */; };
		BC097C9D2C75061D0038A21C /* LikeModel.swift in Sources */ = {isa = PBXBuildFile; fileRef = BC097C9C2C75061D0038A21C /* LikeModel.swift */; };
		BC097CBF2C761CB40038A21C /* BaseViewModel.swift in Sources */ = {isa = PBXBuildFile; fileRef = BC097CBE2C761CB40038A21C /* BaseViewModel.swift */; };
		BC097CC12C761DA90038A21C /* MainViewModel.swift in Sources */ = {isa = PBXBuildFile; fileRef = BC097CC02C761DA90038A21C /* MainViewModel.swift */; };
		BC097CC32C761E020038A21C /* MainViewController.swift in Sources */ = {isa = PBXBuildFile; fileRef = BC097CC22C761E020038A21C /* MainViewController.swift */; };
		BC097CC52C761E0E0038A21C /* MainView.swift in Sources */ = {isa = PBXBuildFile; fileRef = BC097CC42C761E0E0038A21C /* MainView.swift */; };
		BC097CCA2C7622160038A21C /* HashTagCollectionView.swift in Sources */ = {isa = PBXBuildFile; fileRef = BC097CC92C7622160038A21C /* HashTagCollectionView.swift */; };
		BC097CD02C76249C0038A21C /* BaseCollectionViewController.swift in Sources */ = {isa = PBXBuildFile; fileRef = BC097CCF2C76249C0038A21C /* BaseCollectionViewController.swift */; };
		BC097CD82C76370D0038A21C /* HashTagCollectionViewCell.swift in Sources */ = {isa = PBXBuildFile; fileRef = BC097CD72C76370D0038A21C /* HashTagCollectionViewCell.swift */; };
		BC097CDA2C76B6F80038A21C /* HashTagSection.swift in Sources */ = {isa = PBXBuildFile; fileRef = BC097CD92C76B6F80038A21C /* HashTagSection.swift */; };
		BC48A90A2C7DE4F9001C9B27 /* NovelDetailSection.swift in Sources */ = {isa = PBXBuildFile; fileRef = BC48A9092C7DE4F9001C9B27 /* NovelDetailSection.swift */; };
		BC48A90C2C7DE96F001C9B27 /* DescriptionCell.swift in Sources */ = {isa = PBXBuildFile; fileRef = BC48A90B2C7DE96F001C9B27 /* DescriptionCell.swift */; };
		BC48A90E2C7DE99E001C9B27 /* EpisodeCell.swift in Sources */ = {isa = PBXBuildFile; fileRef = BC48A90D2C7DE99E001C9B27 /* EpisodeCell.swift */; };
		BC48A91A2C7F2674001C9B27 /* EpisodeInfoLabel.swift in Sources */ = {isa = PBXBuildFile; fileRef = BC48A9192C7F2674001C9B27 /* EpisodeInfoLabel.swift */; };
		BC48A91D2C7F4A04001C9B27 /* DateFormatter.swift in Sources */ = {isa = PBXBuildFile; fileRef = BC48A91C2C7F4A04001C9B27 /* DateFormatter.swift */; };
		BC48A9202C7F73BB001C9B27 /* Differentiator in Frameworks */ = {isa = PBXBuildFile; productRef = BC48A91F2C7F73BB001C9B27 /* Differentiator */; };
		BC48A9222C7F73BB001C9B27 /* RxDataSources in Frameworks */ = {isa = PBXBuildFile; productRef = BC48A9212C7F73BB001C9B27 /* RxDataSources */; };
		BC48A9242C7F741F001C9B27 /* NovelDetailSectionModel.swift in Sources */ = {isa = PBXBuildFile; fileRef = BC48A9232C7F741F001C9B27 /* NovelDetailSectionModel.swift */; };
		BC48A9262C7F8975001C9B27 /* EpisodeViewerView.swift in Sources */ = {isa = PBXBuildFile; fileRef = BC48A9252C7F8975001C9B27 /* EpisodeViewerView.swift */; };
		BC670A9A2C7B0A60006FB171 /* MaleSection.swift in Sources */ = {isa = PBXBuildFile; fileRef = BC670A992C7B0A60006FB171 /* MaleSection.swift */; };
		BC670A9C2C7B0A6E006FB171 /* FemaleSection.swift in Sources */ = {isa = PBXBuildFile; fileRef = BC670A9B2C7B0A6E006FB171 /* FemaleSection.swift */; };
		BC670A9E2C7B0A81006FB171 /* FantasySection.swift in Sources */ = {isa = PBXBuildFile; fileRef = BC670A9D2C7B0A81006FB171 /* FantasySection.swift */; };
		BC670AA02C7B0A90006FB171 /* RomanceSection.swift in Sources */ = {isa = PBXBuildFile; fileRef = BC670A9F2C7B0A90006FB171 /* RomanceSection.swift */; };
		BC670AA22C7B0A96006FB171 /* DateSection.swift in Sources */ = {isa = PBXBuildFile; fileRef = BC670AA12C7B0A96006FB171 /* DateSection.swift */; };
		BC670AA42C7B0C62006FB171 /* MainSectionProtocol.swift in Sources */ = {isa = PBXBuildFile; fileRef = BC670AA32C7B0C62006FB171 /* MainSectionProtocol.swift */; };
		BC8F1CD62C6CAE4B005D63CB /* AppDelegate.swift in Sources */ = {isa = PBXBuildFile; fileRef = BC8F1CD52C6CAE4B005D63CB /* AppDelegate.swift */; };
		BC8F1CD82C6CAE4B005D63CB /* SceneDelegate.swift in Sources */ = {isa = PBXBuildFile; fileRef = BC8F1CD72C6CAE4B005D63CB /* SceneDelegate.swift */; };
		BC8F1CDA2C6CAE4B005D63CB /* DummyDataViewController.swift in Sources */ = {isa = PBXBuildFile; fileRef = BC8F1CD92C6CAE4B005D63CB /* DummyDataViewController.swift */; };
		BC8F1CDF2C6CAE4D005D63CB /* Assets.xcassets in Resources */ = {isa = PBXBuildFile; fileRef = BC8F1CDE2C6CAE4D005D63CB /* Assets.xcassets */; };
		BC8F1CE22C6CAE4D005D63CB /* Base in Resources */ = {isa = PBXBuildFile; fileRef = BC8F1CE12C6CAE4D005D63CB /* Base */; };
		BC8F1CEA2C6CAF9C005D63CB /* .gitignore in Resources */ = {isa = PBXBuildFile; fileRef = BC8F1CE92C6CAF9C005D63CB /* .gitignore */; };
		BC8F1CED2C6CB083005D63CB /* APIKey.swift in Sources */ = {isa = PBXBuildFile; fileRef = BC8F1CEC2C6CB083005D63CB /* APIKey.swift */; };
		BC8F1CEF2C6CB08F005D63CB /* APIConstants.swift in Sources */ = {isa = PBXBuildFile; fileRef = BC8F1CEE2C6CB08F005D63CB /* APIConstants.swift */; };
		BC8F1CF12C6CB25A005D63CB /* APIRouter.swift in Sources */ = {isa = PBXBuildFile; fileRef = BC8F1CF02C6CB25A005D63CB /* APIRouter.swift */; };
		BC8F1CF32C6CB267005D63CB /* APIManager.swift in Sources */ = {isa = PBXBuildFile; fileRef = BC8F1CF22C6CB267005D63CB /* APIManager.swift */; };
		BC8F1CF52C6CB26F005D63CB /* TargetType.swift in Sources */ = {isa = PBXBuildFile; fileRef = BC8F1CF42C6CB26F005D63CB /* TargetType.swift */; };
		BC8F1CFC2C6CB37C005D63CB /* Alamofire in Frameworks */ = {isa = PBXBuildFile; productRef = BC8F1CFB2C6CB37C005D63CB /* Alamofire */; };
		BC8F1CFF2C6CB38A005D63CB /* RxCocoa in Frameworks */ = {isa = PBXBuildFile; productRef = BC8F1CFE2C6CB38A005D63CB /* RxCocoa */; };
		BC8F1D012C6CB38A005D63CB /* RxSwift in Frameworks */ = {isa = PBXBuildFile; productRef = BC8F1D002C6CB38A005D63CB /* RxSwift */; };
		BC8F1D042C6CB396005D63CB /* Kingfisher in Frameworks */ = {isa = PBXBuildFile; productRef = BC8F1D032C6CB396005D63CB /* Kingfisher */; };
		BC8F1D072C6CB3A0005D63CB /* Toast in Frameworks */ = {isa = PBXBuildFile; productRef = BC8F1D062C6CB3A0005D63CB /* Toast */; };
		BC8F1D0F2C6CB3B4005D63CB /* SnapKit in Frameworks */ = {isa = PBXBuildFile; productRef = BC8F1D0E2C6CB3B4005D63CB /* SnapKit */; };
		BC8F1D122C6CB3BE005D63CB /* Then in Frameworks */ = {isa = PBXBuildFile; productRef = BC8F1D112C6CB3BE005D63CB /* Then */; };
		BC8F1D152C6CB3C7005D63CB /* IQKeyboardManagerSwift in Frameworks */ = {isa = PBXBuildFile; productRef = BC8F1D142C6CB3C7005D63CB /* IQKeyboardManagerSwift */; };
		BC8F1D172C6CB50F005D63CB /* APIError.swift in Sources */ = {isa = PBXBuildFile; fileRef = BC8F1D162C6CB50F005D63CB /* APIError.swift */; };
		BC8F1D1A2C6CC079005D63CB /* UserDefaultsManager.swift in Sources */ = {isa = PBXBuildFile; fileRef = BC8F1D192C6CC079005D63CB /* UserDefaultsManager.swift */; };
		BC8F1D1C2C6CF289005D63CB /* SigninQuery.swift in Sources */ = {isa = PBXBuildFile; fileRef = BC8F1D1B2C6CF289005D63CB /* SigninQuery.swift */; };
		BC8F1D1E2C6CF609005D63CB /* EmailValidationQuery.swift in Sources */ = {isa = PBXBuildFile; fileRef = BC8F1D1D2C6CF609005D63CB /* EmailValidationQuery.swift */; };
		BC8F1D202C6CF65D005D63CB /* LoginQuery.swift in Sources */ = {isa = PBXBuildFile; fileRef = BC8F1D1F2C6CF65D005D63CB /* LoginQuery.swift */; };
		BC8F1D242C6CF711005D63CB /* UploadFilesQuery.swift in Sources */ = {isa = PBXBuildFile; fileRef = BC8F1D232C6CF711005D63CB /* UploadFilesQuery.swift */; };
		BC8F1D262C6CF817005D63CB /* APIClient.swift in Sources */ = {isa = PBXBuildFile; fileRef = BC8F1D252C6CF817005D63CB /* APIClient.swift */; };
		BC8F1D282C6D17CB005D63CB /* PostsQuery.swift in Sources */ = {isa = PBXBuildFile; fileRef = BC8F1D272C6D17CB005D63CB /* PostsQuery.swift */; };
		BC8F1D2A2C6D187E005D63CB /* GetPostsQuery.swift in Sources */ = {isa = PBXBuildFile; fileRef = BC8F1D292C6D187E005D63CB /* GetPostsQuery.swift */; };
		BC8F1D2C2C6D1CD2005D63CB /* CommentsQuery.swift in Sources */ = {isa = PBXBuildFile; fileRef = BC8F1D2B2C6D1CD2005D63CB /* CommentsQuery.swift */; };
		BC8F1D2E2C6D1DE1005D63CB /* LikeQuery.swift in Sources */ = {isa = PBXBuildFile; fileRef = BC8F1D2D2C6D1DE1005D63CB /* LikeQuery.swift */; };
		BC8F1D302C6D1F45005D63CB /* LikedPostsQuery.swift in Sources */ = {isa = PBXBuildFile; fileRef = BC8F1D2F2C6D1F45005D63CB /* LikedPostsQuery.swift */; };
		BC8F1D322C6D1FD3005D63CB /* MyProfileQuery.swift in Sources */ = {isa = PBXBuildFile; fileRef = BC8F1D312C6D1FD3005D63CB /* MyProfileQuery.swift */; };
		BC8F1D342C6D2026005D63CB /* HashTagsQuery.swift in Sources */ = {isa = PBXBuildFile; fileRef = BC8F1D332C6D2026005D63CB /* HashTagsQuery.swift */; };
		BC8F1D362C70A264005D63CB /* SigninModel.swift in Sources */ = {isa = PBXBuildFile; fileRef = BC8F1D352C70A264005D63CB /* SigninModel.swift */; };
		BC8F1D382C70A85F005D63CB /* LoginModel.swift in Sources */ = {isa = PBXBuildFile; fileRef = BC8F1D372C70A85F005D63CB /* LoginModel.swift */; };
		BC8F1D3C2C70B14C005D63CB /* RefreshTokenModel.swift in Sources */ = {isa = PBXBuildFile; fileRef = BC8F1D3B2C70B14C005D63CB /* RefreshTokenModel.swift */; };
		BC8F1D3E2C70B999005D63CB /* WithDrawModel.swift in Sources */ = {isa = PBXBuildFile; fileRef = BC8F1D3D2C70B999005D63CB /* WithDrawModel.swift */; };
		BC8F1D402C70BC50005D63CB /* MyProfileModel.swift in Sources */ = {isa = PBXBuildFile; fileRef = BC8F1D3F2C70BC50005D63CB /* MyProfileModel.swift */; };
		BC8F1D422C70C406005D63CB /* UploadFilesModel.swift in Sources */ = {isa = PBXBuildFile; fileRef = BC8F1D412C70C406005D63CB /* UploadFilesModel.swift */; };
		BC8F1D442C70C4C8005D63CB /* LocalFileManager.swift in Sources */ = {isa = PBXBuildFile; fileRef = BC8F1D432C70C4C8005D63CB /* LocalFileManager.swift */; };
		BC8F1D4A2C717864005D63CB /* KingfisherManager+Extension.swift in Sources */ = {isa = PBXBuildFile; fileRef = BC8F1D492C717864005D63CB /* KingfisherManager+Extension.swift */; };
		BCCBDA632C77250E00073E31 /* BannerCollectionViewCell.swift in Sources */ = {isa = PBXBuildFile; fileRef = BCCBDA622C77250E00073E31 /* BannerCollectionViewCell.swift */; };
		BCCBDA672C7739AD00073E31 /* UIImage+Extension.swift in Sources */ = {isa = PBXBuildFile; fileRef = BCCBDA662C7739AD00073E31 /* UIImage+Extension.swift */; };
		BCCBDA6C2C7837EE00073E31 /* RecommandCollectionViewCell.swift in Sources */ = {isa = PBXBuildFile; fileRef = BCCBDA6B2C7837EE00073E31 /* RecommandCollectionViewCell.swift */; };
		BCCBDA6E2C784B2C00073E31 /* collectionViewHeaderView.swift in Sources */ = {isa = PBXBuildFile; fileRef = BCCBDA6D2C784B2C00073E31 /* collectionViewHeaderView.swift */; };
		BCCBDA712C78515200073E31 /* ReusableIdentifier.swift in Sources */ = {isa = PBXBuildFile; fileRef = BCCBDA702C78515200073E31 /* ReusableIdentifier.swift */; };
		BCCBDA772C78651400073E31 /* WaitingFreeImageView.swift in Sources */ = {isa = PBXBuildFile; fileRef = BCCBDA762C78651400073E31 /* WaitingFreeImageView.swift */; };
		BCCBDA792C78660000073E31 /* WaitingFreeLabel.swift in Sources */ = {isa = PBXBuildFile; fileRef = BCCBDA782C78660000073E31 /* WaitingFreeLabel.swift */; };
		BCCBDA802C78887900073E31 /* RecommandCollectionView.swift in Sources */ = {isa = PBXBuildFile; fileRef = BCCBDA7F2C78887900073E31 /* RecommandCollectionView.swift */; };
		BCCBDA822C7888E900073E31 /* RecommandSection.swift in Sources */ = {isa = PBXBuildFile; fileRef = BCCBDA812C7888E900073E31 /* RecommandSection.swift */; };
		BCCBDA842C78BE3A00073E31 /* CreatorLabelView.swift in Sources */ = {isa = PBXBuildFile; fileRef = BCCBDA832C78BE3A00073E31 /* CreatorLabelView.swift */; };
		BCCBDA882C79BCB000073E31 /* RecentlyCollectionViewCell.swift in Sources */ = {isa = PBXBuildFile; fileRef = BCCBDA872C79BCB000073E31 /* RecentlyCollectionViewCell.swift */; };
		BCCBDA8A2C7A1BC400073E31 /* UIViewController+Extension.swift in Sources */ = {isa = PBXBuildFile; fileRef = BCCBDA892C7A1BC400073E31 /* UIViewController+Extension.swift */; };
/* End PBXBuildFile section */

/* Begin PBXFileReference section */
		BC06E8462C7C86EA00148785 /* UIScrollView+Extension.swift */ = {isa = PBXFileReference; lastKnownFileType = sourcecode.swift; path = "UIScrollView+Extension.swift"; sourceTree = "<group>"; };
		BC06E8482C7C8B7700148785 /* NovelDetailViewController.swift */ = {isa = PBXFileReference; lastKnownFileType = sourcecode.swift; path = NovelDetailViewController.swift; sourceTree = "<group>"; };
		BC06E84A2C7C8BAF00148785 /* NovelDetailView.swift */ = {isa = PBXFileReference; lastKnownFileType = sourcecode.swift; path = NovelDetailView.swift; sourceTree = "<group>"; };
		BC06E84C2C7CC80200148785 /* ViewTransitaion.swift */ = {isa = PBXFileReference; lastKnownFileType = sourcecode.swift; path = ViewTransitaion.swift; sourceTree = "<group>"; };
		BC06E84E2C7CC83800148785 /* NovelDetailViewModel.swift */ = {isa = PBXFileReference; lastKnownFileType = sourcecode.swift; path = NovelDetailViewModel.swift; sourceTree = "<group>"; };
		BC06E8502C7CCA8F00148785 /* ViewModelProvider.swift */ = {isa = PBXFileReference; lastKnownFileType = sourcecode.swift; path = ViewModelProvider.swift; sourceTree = "<group>"; };
		BC06E8522C7CCB9B00148785 /* ViewControllerProvider.swift */ = {isa = PBXFileReference; lastKnownFileType = sourcecode.swift; path = ViewControllerProvider.swift; sourceTree = "<group>"; };
		BC06E8542C7CD77000148785 /* HashTagLabel.swift */ = {isa = PBXFileReference; lastKnownFileType = sourcecode.swift; path = HashTagLabel.swift; sourceTree = "<group>"; };
		BC06E8562C7CE03400148785 /* InfoView.swift */ = {isa = PBXFileReference; lastKnownFileType = sourcecode.swift; path = InfoView.swift; sourceTree = "<group>"; };
		BC06E8672C7DBAD100148785 /* CustomButton.swift */ = {isa = PBXFileReference; lastKnownFileType = sourcecode.swift; path = CustomButton.swift; sourceTree = "<group>"; };
		BC06E8692C7DD14B00148785 /* NovelDetailCollectionView.swift */ = {isa = PBXFileReference; lastKnownFileType = sourcecode.swift; path = NovelDetailCollectionView.swift; sourceTree = "<group>"; };
		BC06E86C2C7DD49B00148785 /* HashTagListCell.swift */ = {isa = PBXFileReference; lastKnownFileType = sourcecode.swift; path = HashTagListCell.swift; sourceTree = "<group>"; };
		BC097C612C7330120038A21C /* RetryInterceptor.swift */ = {isa = PBXFileReference; lastKnownFileType = sourcecode.swift; path = RetryInterceptor.swift; sourceTree = "<group>"; };
		BC097C632C73583A0038A21C /* PostsModel.swift */ = {isa = PBXFileReference; lastKnownFileType = sourcecode.swift; path = PostsModel.swift; sourceTree = "<group>"; };
		BC097C672C737F170038A21C /* QueryBuilder.swift */ = {isa = PBXFileReference; lastKnownFileType = sourcecode.swift; path = QueryBuilder.swift; sourceTree = "<group>"; };
		BC097C692C739C3A0038A21C /* GetPostsModel.swift */ = {isa = PBXFileReference; lastKnownFileType = sourcecode.swift; path = GetPostsModel.swift; sourceTree = "<group>"; };
		BC097C722C7485270038A21C /* EpisodeViewerViewController.swift */ = {isa = PBXFileReference; lastKnownFileType = sourcecode.swift; path = EpisodeViewerViewController.swift; sourceTree = "<group>"; };
		BC097C772C74C37E0038A21C /* UIView+Extension.swift */ = {isa = PBXFileReference; lastKnownFileType = sourcecode.swift; path = "UIView+Extension.swift"; sourceTree = "<group>"; };
		BC097C822C74E0F70038A21C /* EpisodeViewerViewModel.swift */ = {isa = PBXFileReference; lastKnownFileType = sourcecode.swift; path = EpisodeViewerViewModel.swift; sourceTree = "<group>"; };
		BC097C892C74E2020038A21C /* BaseViewController.swift */ = {isa = PBXFileReference; lastKnownFileType = sourcecode.swift; path = BaseViewController.swift; sourceTree = "<group>"; };
		BC097C8B2C74E23B0038A21C /* BaseView.swift */ = {isa = PBXFileReference; lastKnownFileType = sourcecode.swift; path = BaseView.swift; sourceTree = "<group>"; };
		BC097C8D2C74E2CB0038A21C /* BaseCollectionViewCell.swift */ = {isa = PBXFileReference; lastKnownFileType = sourcecode.swift; path = BaseCollectionViewCell.swift; sourceTree = "<group>"; };
		BC097C902C74E3590038A21C /* Resource.swift */ = {isa = PBXFileReference; lastKnownFileType = sourcecode.swift; path = Resource.swift; sourceTree = "<group>"; };
		BC097C942C74E3C80038A21C /* UIColor+Extension.swift */ = {isa = PBXFileReference; lastKnownFileType = sourcecode.swift; path = "UIColor+Extension.swift"; sourceTree = "<group>"; };
		BC097C962C74E4500038A21C /* BaseCollectionResuableView.swift */ = {isa = PBXFileReference; lastKnownFileType = sourcecode.swift; path = BaseCollectionResuableView.swift; sourceTree = "<group>"; };
		BC097C982C74F7C20038A21C /* BaseModel.swift */ = {isa = PBXFileReference; lastKnownFileType = sourcecode.swift; path = BaseModel.swift; sourceTree = "<group>"; };
		BC097C9A2C7500F80038A21C /* CommentsModel.swift */ = {isa = PBXFileReference; lastKnownFileType = sourcecode.swift; path = CommentsModel.swift; sourceTree = "<group>"; };
		BC097C9C2C75061D0038A21C /* LikeModel.swift */ = {isa = PBXFileReference; lastKnownFileType = sourcecode.swift; path = LikeModel.swift; sourceTree = "<group>"; };
		BC097CBE2C761CB40038A21C /* BaseViewModel.swift */ = {isa = PBXFileReference; fileEncoding = 4; lastKnownFileType = sourcecode.swift; path = BaseViewModel.swift; sourceTree = "<group>"; };
		BC097CC02C761DA90038A21C /* MainViewModel.swift */ = {isa = PBXFileReference; lastKnownFileType = sourcecode.swift; path = MainViewModel.swift; sourceTree = "<group>"; };
		BC097CC22C761E020038A21C /* MainViewController.swift */ = {isa = PBXFileReference; lastKnownFileType = sourcecode.swift; path = MainViewController.swift; sourceTree = "<group>"; };
		BC097CC42C761E0E0038A21C /* MainView.swift */ = {isa = PBXFileReference; lastKnownFileType = sourcecode.swift; path = MainView.swift; sourceTree = "<group>"; };
		BC097CC92C7622160038A21C /* HashTagCollectionView.swift */ = {isa = PBXFileReference; lastKnownFileType = sourcecode.swift; path = HashTagCollectionView.swift; sourceTree = "<group>"; };
		BC097CCF2C76249C0038A21C /* BaseCollectionViewController.swift */ = {isa = PBXFileReference; lastKnownFileType = sourcecode.swift; path = BaseCollectionViewController.swift; sourceTree = "<group>"; };
		BC097CD72C76370D0038A21C /* HashTagCollectionViewCell.swift */ = {isa = PBXFileReference; lastKnownFileType = sourcecode.swift; path = HashTagCollectionViewCell.swift; sourceTree = "<group>"; };
		BC097CD92C76B6F80038A21C /* HashTagSection.swift */ = {isa = PBXFileReference; lastKnownFileType = sourcecode.swift; path = HashTagSection.swift; sourceTree = "<group>"; };
		BC48A9092C7DE4F9001C9B27 /* NovelDetailSection.swift */ = {isa = PBXFileReference; lastKnownFileType = sourcecode.swift; path = NovelDetailSection.swift; sourceTree = "<group>"; };
		BC48A90B2C7DE96F001C9B27 /* DescriptionCell.swift */ = {isa = PBXFileReference; lastKnownFileType = sourcecode.swift; path = DescriptionCell.swift; sourceTree = "<group>"; };
		BC48A90D2C7DE99E001C9B27 /* EpisodeCell.swift */ = {isa = PBXFileReference; lastKnownFileType = sourcecode.swift; path = EpisodeCell.swift; sourceTree = "<group>"; };
		BC48A9192C7F2674001C9B27 /* EpisodeInfoLabel.swift */ = {isa = PBXFileReference; lastKnownFileType = sourcecode.swift; path = EpisodeInfoLabel.swift; sourceTree = "<group>"; };
		BC48A91C2C7F4A04001C9B27 /* DateFormatter.swift */ = {isa = PBXFileReference; lastKnownFileType = sourcecode.swift; path = DateFormatter.swift; sourceTree = "<group>"; };
		BC48A9232C7F741F001C9B27 /* NovelDetailSectionModel.swift */ = {isa = PBXFileReference; lastKnownFileType = sourcecode.swift; path = NovelDetailSectionModel.swift; sourceTree = "<group>"; };
		BC48A9252C7F8975001C9B27 /* EpisodeViewerView.swift */ = {isa = PBXFileReference; lastKnownFileType = sourcecode.swift; path = EpisodeViewerView.swift; sourceTree = "<group>"; };
		BC670A992C7B0A60006FB171 /* MaleSection.swift */ = {isa = PBXFileReference; lastKnownFileType = sourcecode.swift; path = MaleSection.swift; sourceTree = "<group>"; };
		BC670A9B2C7B0A6E006FB171 /* FemaleSection.swift */ = {isa = PBXFileReference; lastKnownFileType = sourcecode.swift; path = FemaleSection.swift; sourceTree = "<group>"; };
		BC670A9D2C7B0A81006FB171 /* FantasySection.swift */ = {isa = PBXFileReference; lastKnownFileType = sourcecode.swift; path = FantasySection.swift; sourceTree = "<group>"; };
		BC670A9F2C7B0A90006FB171 /* RomanceSection.swift */ = {isa = PBXFileReference; lastKnownFileType = sourcecode.swift; path = RomanceSection.swift; sourceTree = "<group>"; };
		BC670AA12C7B0A96006FB171 /* DateSection.swift */ = {isa = PBXFileReference; lastKnownFileType = sourcecode.swift; path = DateSection.swift; sourceTree = "<group>"; };
		BC670AA32C7B0C62006FB171 /* MainSectionProtocol.swift */ = {isa = PBXFileReference; lastKnownFileType = sourcecode.swift; path = MainSectionProtocol.swift; sourceTree = "<group>"; };
		BC8F1CD22C6CAE4B005D63CB /* Scrolly.app */ = {isa = PBXFileReference; explicitFileType = wrapper.application; includeInIndex = 0; path = Scrolly.app; sourceTree = BUILT_PRODUCTS_DIR; };
		BC8F1CD52C6CAE4B005D63CB /* AppDelegate.swift */ = {isa = PBXFileReference; lastKnownFileType = sourcecode.swift; path = AppDelegate.swift; sourceTree = "<group>"; };
		BC8F1CD72C6CAE4B005D63CB /* SceneDelegate.swift */ = {isa = PBXFileReference; lastKnownFileType = sourcecode.swift; path = SceneDelegate.swift; sourceTree = "<group>"; };
		BC8F1CD92C6CAE4B005D63CB /* DummyDataViewController.swift */ = {isa = PBXFileReference; lastKnownFileType = sourcecode.swift; path = DummyDataViewController.swift; sourceTree = "<group>"; };
		BC8F1CDE2C6CAE4D005D63CB /* Assets.xcassets */ = {isa = PBXFileReference; lastKnownFileType = folder.assetcatalog; path = Assets.xcassets; sourceTree = "<group>"; };
		BC8F1CE12C6CAE4D005D63CB /* Base */ = {isa = PBXFileReference; lastKnownFileType = file.storyboard; name = Base; path = Base.lproj/LaunchScreen.storyboard; sourceTree = "<group>"; };
		BC8F1CE32C6CAE4D005D63CB /* Info.plist */ = {isa = PBXFileReference; lastKnownFileType = text.plist.xml; path = Info.plist; sourceTree = "<group>"; };
		BC8F1CE92C6CAF9C005D63CB /* .gitignore */ = {isa = PBXFileReference; lastKnownFileType = text; path = .gitignore; sourceTree = "<group>"; };
		BC8F1CEC2C6CB083005D63CB /* APIKey.swift */ = {isa = PBXFileReference; lastKnownFileType = sourcecode.swift; path = APIKey.swift; sourceTree = "<group>"; };
		BC8F1CEE2C6CB08F005D63CB /* APIConstants.swift */ = {isa = PBXFileReference; lastKnownFileType = sourcecode.swift; path = APIConstants.swift; sourceTree = "<group>"; };
		BC8F1CF02C6CB25A005D63CB /* APIRouter.swift */ = {isa = PBXFileReference; lastKnownFileType = sourcecode.swift; path = APIRouter.swift; sourceTree = "<group>"; };
		BC8F1CF22C6CB267005D63CB /* APIManager.swift */ = {isa = PBXFileReference; lastKnownFileType = sourcecode.swift; path = APIManager.swift; sourceTree = "<group>"; };
		BC8F1CF42C6CB26F005D63CB /* TargetType.swift */ = {isa = PBXFileReference; lastKnownFileType = sourcecode.swift; path = TargetType.swift; sourceTree = "<group>"; };
		BC8F1D162C6CB50F005D63CB /* APIError.swift */ = {isa = PBXFileReference; lastKnownFileType = sourcecode.swift; path = APIError.swift; sourceTree = "<group>"; };
		BC8F1D192C6CC079005D63CB /* UserDefaultsManager.swift */ = {isa = PBXFileReference; lastKnownFileType = sourcecode.swift; path = UserDefaultsManager.swift; sourceTree = "<group>"; };
		BC8F1D1B2C6CF289005D63CB /* SigninQuery.swift */ = {isa = PBXFileReference; lastKnownFileType = sourcecode.swift; path = SigninQuery.swift; sourceTree = "<group>"; };
		BC8F1D1D2C6CF609005D63CB /* EmailValidationQuery.swift */ = {isa = PBXFileReference; lastKnownFileType = sourcecode.swift; path = EmailValidationQuery.swift; sourceTree = "<group>"; };
		BC8F1D1F2C6CF65D005D63CB /* LoginQuery.swift */ = {isa = PBXFileReference; lastKnownFileType = sourcecode.swift; path = LoginQuery.swift; sourceTree = "<group>"; };
		BC8F1D232C6CF711005D63CB /* UploadFilesQuery.swift */ = {isa = PBXFileReference; lastKnownFileType = sourcecode.swift; path = UploadFilesQuery.swift; sourceTree = "<group>"; };
		BC8F1D252C6CF817005D63CB /* APIClient.swift */ = {isa = PBXFileReference; lastKnownFileType = sourcecode.swift; path = APIClient.swift; sourceTree = "<group>"; };
		BC8F1D272C6D17CB005D63CB /* PostsQuery.swift */ = {isa = PBXFileReference; lastKnownFileType = sourcecode.swift; path = PostsQuery.swift; sourceTree = "<group>"; };
		BC8F1D292C6D187E005D63CB /* GetPostsQuery.swift */ = {isa = PBXFileReference; lastKnownFileType = sourcecode.swift; path = GetPostsQuery.swift; sourceTree = "<group>"; };
		BC8F1D2B2C6D1CD2005D63CB /* CommentsQuery.swift */ = {isa = PBXFileReference; lastKnownFileType = sourcecode.swift; path = CommentsQuery.swift; sourceTree = "<group>"; };
		BC8F1D2D2C6D1DE1005D63CB /* LikeQuery.swift */ = {isa = PBXFileReference; lastKnownFileType = sourcecode.swift; path = LikeQuery.swift; sourceTree = "<group>"; };
		BC8F1D2F2C6D1F45005D63CB /* LikedPostsQuery.swift */ = {isa = PBXFileReference; lastKnownFileType = sourcecode.swift; path = LikedPostsQuery.swift; sourceTree = "<group>"; };
		BC8F1D312C6D1FD3005D63CB /* MyProfileQuery.swift */ = {isa = PBXFileReference; lastKnownFileType = sourcecode.swift; path = MyProfileQuery.swift; sourceTree = "<group>"; };
		BC8F1D332C6D2026005D63CB /* HashTagsQuery.swift */ = {isa = PBXFileReference; lastKnownFileType = sourcecode.swift; path = HashTagsQuery.swift; sourceTree = "<group>"; };
		BC8F1D352C70A264005D63CB /* SigninModel.swift */ = {isa = PBXFileReference; lastKnownFileType = sourcecode.swift; path = SigninModel.swift; sourceTree = "<group>"; };
		BC8F1D372C70A85F005D63CB /* LoginModel.swift */ = {isa = PBXFileReference; lastKnownFileType = sourcecode.swift; path = LoginModel.swift; sourceTree = "<group>"; };
		BC8F1D3B2C70B14C005D63CB /* RefreshTokenModel.swift */ = {isa = PBXFileReference; lastKnownFileType = sourcecode.swift; path = RefreshTokenModel.swift; sourceTree = "<group>"; };
		BC8F1D3D2C70B999005D63CB /* WithDrawModel.swift */ = {isa = PBXFileReference; lastKnownFileType = sourcecode.swift; path = WithDrawModel.swift; sourceTree = "<group>"; };
		BC8F1D3F2C70BC50005D63CB /* MyProfileModel.swift */ = {isa = PBXFileReference; lastKnownFileType = sourcecode.swift; path = MyProfileModel.swift; sourceTree = "<group>"; };
		BC8F1D412C70C406005D63CB /* UploadFilesModel.swift */ = {isa = PBXFileReference; lastKnownFileType = sourcecode.swift; path = UploadFilesModel.swift; sourceTree = "<group>"; };
		BC8F1D432C70C4C8005D63CB /* LocalFileManager.swift */ = {isa = PBXFileReference; lastKnownFileType = sourcecode.swift; path = LocalFileManager.swift; sourceTree = "<group>"; };
		BC8F1D492C717864005D63CB /* KingfisherManager+Extension.swift */ = {isa = PBXFileReference; lastKnownFileType = sourcecode.swift; path = "KingfisherManager+Extension.swift"; sourceTree = "<group>"; };
		BCCBDA622C77250E00073E31 /* BannerCollectionViewCell.swift */ = {isa = PBXFileReference; lastKnownFileType = sourcecode.swift; path = BannerCollectionViewCell.swift; sourceTree = "<group>"; };
		BCCBDA662C7739AD00073E31 /* UIImage+Extension.swift */ = {isa = PBXFileReference; lastKnownFileType = sourcecode.swift; path = "UIImage+Extension.swift"; sourceTree = "<group>"; };
		BCCBDA6B2C7837EE00073E31 /* RecommandCollectionViewCell.swift */ = {isa = PBXFileReference; lastKnownFileType = sourcecode.swift; path = RecommandCollectionViewCell.swift; sourceTree = "<group>"; };
		BCCBDA6D2C784B2C00073E31 /* collectionViewHeaderView.swift */ = {isa = PBXFileReference; lastKnownFileType = sourcecode.swift; path = collectionViewHeaderView.swift; sourceTree = "<group>"; };
		BCCBDA702C78515200073E31 /* ReusableIdentifier.swift */ = {isa = PBXFileReference; lastKnownFileType = sourcecode.swift; path = ReusableIdentifier.swift; sourceTree = "<group>"; };
		BCCBDA762C78651400073E31 /* WaitingFreeImageView.swift */ = {isa = PBXFileReference; lastKnownFileType = sourcecode.swift; path = WaitingFreeImageView.swift; sourceTree = "<group>"; };
		BCCBDA782C78660000073E31 /* WaitingFreeLabel.swift */ = {isa = PBXFileReference; lastKnownFileType = sourcecode.swift; path = WaitingFreeLabel.swift; sourceTree = "<group>"; };
		BCCBDA7F2C78887900073E31 /* RecommandCollectionView.swift */ = {isa = PBXFileReference; lastKnownFileType = sourcecode.swift; path = RecommandCollectionView.swift; sourceTree = "<group>"; };
		BCCBDA812C7888E900073E31 /* RecommandSection.swift */ = {isa = PBXFileReference; lastKnownFileType = sourcecode.swift; path = RecommandSection.swift; sourceTree = "<group>"; };
		BCCBDA832C78BE3A00073E31 /* CreatorLabelView.swift */ = {isa = PBXFileReference; lastKnownFileType = sourcecode.swift; path = CreatorLabelView.swift; sourceTree = "<group>"; };
		BCCBDA872C79BCB000073E31 /* RecentlyCollectionViewCell.swift */ = {isa = PBXFileReference; lastKnownFileType = sourcecode.swift; path = RecentlyCollectionViewCell.swift; sourceTree = "<group>"; };
		BCCBDA892C7A1BC400073E31 /* UIViewController+Extension.swift */ = {isa = PBXFileReference; lastKnownFileType = sourcecode.swift; path = "UIViewController+Extension.swift"; sourceTree = "<group>"; };
/* End PBXFileReference section */

/* Begin PBXFrameworksBuildPhase section */
		BC8F1CCF2C6CAE4B005D63CB /* Frameworks */ = {
			isa = PBXFrameworksBuildPhase;
			buildActionMask = 2147483647;
			files = (
				BC8F1D042C6CB396005D63CB /* Kingfisher in Frameworks */,
				BC8F1D152C6CB3C7005D63CB /* IQKeyboardManagerSwift in Frameworks */,
				BC8F1D012C6CB38A005D63CB /* RxSwift in Frameworks */,
				BC48A9222C7F73BB001C9B27 /* RxDataSources in Frameworks */,
				BC8F1CFF2C6CB38A005D63CB /* RxCocoa in Frameworks */,
				BC8F1D122C6CB3BE005D63CB /* Then in Frameworks */,
				BC8F1D0F2C6CB3B4005D63CB /* SnapKit in Frameworks */,
				BC8F1D072C6CB3A0005D63CB /* Toast in Frameworks */,
				BC48A9202C7F73BB001C9B27 /* Differentiator in Frameworks */,
				BC8F1CFC2C6CB37C005D63CB /* Alamofire in Frameworks */,
			);
			runOnlyForDeploymentPostprocessing = 0;
		};
/* End PBXFrameworksBuildPhase section */

/* Begin PBXGroup section */
		BC06E8582C7CEAE400148785 /* Common */ = {
			isa = PBXGroup;
			children = (
				BC48A91B2C7F49F2001C9B27 /* Util */,
				BCCBDA6F2C78514400073E31 /* Protocol */,
				BC097C8F2C74E34F0038A21C /* Resource */,
				BC097C852C74E1110038A21C /* Base */,
				BC097C762C74C3720038A21C /* Extension */,
				BCCBDA752C7864FC00073E31 /* CustomView */,
			);
			path = Common;
			sourceTree = "<group>";
		};
		BC06E86B2C7DD41500148785 /* SubView */ = {
			isa = PBXGroup;
			children = (
				BC48A9052C7DE49B001C9B27 /* NovelDetailCollectionView */,
			);
			path = SubView;
			sourceTree = "<group>";
		};
		BC097C652C737F000038A21C /* Model */ = {
			isa = PBXGroup;
			children = (
				BC8F1D1D2C6CF609005D63CB /* EmailValidationQuery.swift */,
				BC8F1D1F2C6CF65D005D63CB /* LoginQuery.swift */,
				BC8F1D232C6CF711005D63CB /* UploadFilesQuery.swift */,
				BC8F1D1B2C6CF289005D63CB /* SigninQuery.swift */,
				BC8F1D272C6D17CB005D63CB /* PostsQuery.swift */,
				BC8F1D292C6D187E005D63CB /* GetPostsQuery.swift */,
				BC8F1D2B2C6D1CD2005D63CB /* CommentsQuery.swift */,
				BC8F1D2D2C6D1DE1005D63CB /* LikeQuery.swift */,
				BC8F1D2F2C6D1F45005D63CB /* LikedPostsQuery.swift */,
				BC8F1D312C6D1FD3005D63CB /* MyProfileQuery.swift */,
				BC8F1D332C6D2026005D63CB /* HashTagsQuery.swift */,
			);
			path = Model;
			sourceTree = "<group>";
		};
		BC097C662C737F0B0038A21C /* Builder */ = {
			isa = PBXGroup;
			children = (
				BC097C672C737F170038A21C /* QueryBuilder.swift */,
			);
			path = Builder;
			sourceTree = "<group>";
		};
		BC097C6D2C7484C50038A21C /* Presenter */ = {
			isa = PBXGroup;
			children = (
				BC06E8582C7CEAE400148785 /* Common */,
				BC097C792C74E0500038A21C /* Main */,
				BC097C7B2C74E0680038A21C /* NovelDetail */,
				BC097C6E2C7484D70038A21C /* EpisodeViewer */,
				BC097CBA2C76151E0038A21C /* EpisodeEnd */,
			);
			path = Presenter;
			sourceTree = "<group>";
		};
		BC097C6E2C7484D70038A21C /* EpisodeViewer */ = {
			isa = PBXGroup;
			children = (
				BC097C702C74850D0038A21C /* View */,
				BC097C6F2C7485020038A21C /* ViewModel */,
			);
			path = EpisodeViewer;
			sourceTree = "<group>";
		};
		BC097C6F2C7485020038A21C /* ViewModel */ = {
			isa = PBXGroup;
			children = (
				BC097C822C74E0F70038A21C /* EpisodeViewerViewModel.swift */,
			);
			path = ViewModel;
			sourceTree = "<group>";
		};
		BC097C702C74850D0038A21C /* View */ = {
			isa = PBXGroup;
			children = (
				BC48A9252C7F8975001C9B27 /* EpisodeViewerView.swift */,
				BC097C722C7485270038A21C /* EpisodeViewerViewController.swift */,
			);
			path = View;
			sourceTree = "<group>";
		};
		BC097C762C74C3720038A21C /* Extension */ = {
			isa = PBXGroup;
			children = (
				BCCBDA892C7A1BC400073E31 /* UIViewController+Extension.swift */,
				BC097C772C74C37E0038A21C /* UIView+Extension.swift */,
				BC097C942C74E3C80038A21C /* UIColor+Extension.swift */,
				BCCBDA662C7739AD00073E31 /* UIImage+Extension.swift */,
				BC06E8462C7C86EA00148785 /* UIScrollView+Extension.swift */,
			);
			path = Extension;
			sourceTree = "<group>";
		};
		BC097C792C74E0500038A21C /* Main */ = {
			isa = PBXGroup;
			children = (
				BC097C7D2C74E0A20038A21C /* View */,
				BC097C7C2C74E09A0038A21C /* ViewModel */,
			);
			path = Main;
			sourceTree = "<group>";
		};
		BC097C7B2C74E0680038A21C /* NovelDetail */ = {
			isa = PBXGroup;
			children = (
				BC097C802C74E0B10038A21C /* View */,
				BC097C7F2C74E0AB0038A21C /* ViewModel */,
			);
			path = NovelDetail;
			sourceTree = "<group>";
		};
		BC097C7C2C74E09A0038A21C /* ViewModel */ = {
			isa = PBXGroup;
			children = (
				BC097CC02C761DA90038A21C /* MainViewModel.swift */,
			);
			path = ViewModel;
			sourceTree = "<group>";
		};
		BC097C7D2C74E0A20038A21C /* View */ = {
			isa = PBXGroup;
			children = (
				BC097CC42C761E0E0038A21C /* MainView.swift */,
				BC097CC22C761E020038A21C /* MainViewController.swift */,
				BC097CC62C7620580038A21C /* SubViews */,
			);
			path = View;
			sourceTree = "<group>";
		};
		BC097C7F2C74E0AB0038A21C /* ViewModel */ = {
			isa = PBXGroup;
			children = (
				BC06E84E2C7CC83800148785 /* NovelDetailViewModel.swift */,
			);
			path = ViewModel;
			sourceTree = "<group>";
		};
		BC097C802C74E0B10038A21C /* View */ = {
			isa = PBXGroup;
			children = (
				BC06E86B2C7DD41500148785 /* SubView */,
				BC06E84A2C7C8BAF00148785 /* NovelDetailView.swift */,
				BC06E8482C7C8B7700148785 /* NovelDetailViewController.swift */,
			);
			path = View;
			sourceTree = "<group>";
		};
		BC097C852C74E1110038A21C /* Base */ = {
			isa = PBXGroup;
			children = (
				BC097C8B2C74E23B0038A21C /* BaseView.swift */,
				BC097CBE2C761CB40038A21C /* BaseViewModel.swift */,
				BC097C892C74E2020038A21C /* BaseViewController.swift */,
				BC097C8D2C74E2CB0038A21C /* BaseCollectionViewCell.swift */,
				BC097CCF2C76249C0038A21C /* BaseCollectionViewController.swift */,
				BC097C962C74E4500038A21C /* BaseCollectionResuableView.swift */,
			);
			path = Base;
			sourceTree = "<group>";
		};
		BC097C8F2C74E34F0038A21C /* Resource */ = {
			isa = PBXGroup;
			children = (
				BC097C902C74E3590038A21C /* Resource.swift */,
			);
			path = Resource;
			sourceTree = "<group>";
		};
		BC097CBA2C76151E0038A21C /* EpisodeEnd */ = {
			isa = PBXGroup;
			children = (
				BC097CBD2C7619D50038A21C /* Model */,
				BC097CBC2C7619D00038A21C /* View */,
				BC097CBB2C7619C80038A21C /* ViewModel */,
			);
			path = EpisodeEnd;
			sourceTree = "<group>";
		};
		BC097CBB2C7619C80038A21C /* ViewModel */ = {
			isa = PBXGroup;
			children = (
			);
			path = ViewModel;
			sourceTree = "<group>";
		};
		BC097CBC2C7619D00038A21C /* View */ = {
			isa = PBXGroup;
			children = (
			);
			path = View;
			sourceTree = "<group>";
		};
		BC097CBD2C7619D50038A21C /* Model */ = {
			isa = PBXGroup;
			children = (
			);
			path = Model;
			sourceTree = "<group>";
		};
		BC097CC62C7620580038A21C /* SubViews */ = {
			isa = PBXGroup;
			children = (
				BC097CD62C7636F70038A21C /* HashTagFilterView */,
				BCCBDA7E2C78886400073E31 /* RecommandCollectionView */,
			);
			path = SubViews;
			sourceTree = "<group>";
		};
		BC097CD62C7636F70038A21C /* HashTagFilterView */ = {
			isa = PBXGroup;
			children = (
				BC097CC92C7622160038A21C /* HashTagCollectionView.swift */,
				BC097CD72C76370D0038A21C /* HashTagCollectionViewCell.swift */,
				BC097CD92C76B6F80038A21C /* HashTagSection.swift */,
			);
			path = HashTagFilterView;
			sourceTree = "<group>";
		};
		BC48A9052C7DE49B001C9B27 /* NovelDetailCollectionView */ = {
			isa = PBXGroup;
			children = (
				BC06E8692C7DD14B00148785 /* NovelDetailCollectionView.swift */,
				BC48A9082C7DE4E8001C9B27 /* Section */,
				BC48A9072C7DE4BD001C9B27 /* HeaderView */,
				BC48A9062C7DE4AE001C9B27 /* Cell */,
			);
			path = NovelDetailCollectionView;
			sourceTree = "<group>";
		};
		BC48A9062C7DE4AE001C9B27 /* Cell */ = {
			isa = PBXGroup;
			children = (
				BC06E86C2C7DD49B00148785 /* HashTagListCell.swift */,
				BC48A90B2C7DE96F001C9B27 /* DescriptionCell.swift */,
				BC48A90D2C7DE99E001C9B27 /* EpisodeCell.swift */,
			);
			path = Cell;
			sourceTree = "<group>";
		};
		BC48A9072C7DE4BD001C9B27 /* HeaderView */ = {
			isa = PBXGroup;
			children = (
			);
			path = HeaderView;
			sourceTree = "<group>";
		};
		BC48A9082C7DE4E8001C9B27 /* Section */ = {
			isa = PBXGroup;
			children = (
				BC48A9092C7DE4F9001C9B27 /* NovelDetailSection.swift */,
				BC48A9232C7F741F001C9B27 /* NovelDetailSectionModel.swift */,
			);
			path = Section;
			sourceTree = "<group>";
		};
		BC48A91B2C7F49F2001C9B27 /* Util */ = {
			isa = PBXGroup;
			children = (
				BC48A91C2C7F4A04001C9B27 /* DateFormatter.swift */,
			);
			path = Util;
			sourceTree = "<group>";
		};
		BC670A972C7B09E6006FB171 /* Cell */ = {
			isa = PBXGroup;
			children = (
				BCCBDA622C77250E00073E31 /* BannerCollectionViewCell.swift */,
				BCCBDA6B2C7837EE00073E31 /* RecommandCollectionViewCell.swift */,
				BCCBDA872C79BCB000073E31 /* RecentlyCollectionViewCell.swift */,
			);
			path = Cell;
			sourceTree = "<group>";
		};
		BC670A982C7B0A1F006FB171 /* Sections */ = {
			isa = PBXGroup;
			children = (
				BC670AA32C7B0C62006FB171 /* MainSectionProtocol.swift */,
				BCCBDA812C7888E900073E31 /* RecommandSection.swift */,
				BC670A992C7B0A60006FB171 /* MaleSection.swift */,
				BC670A9B2C7B0A6E006FB171 /* FemaleSection.swift */,
				BC670A9D2C7B0A81006FB171 /* FantasySection.swift */,
				BC670A9F2C7B0A90006FB171 /* RomanceSection.swift */,
				BC670AA12C7B0A96006FB171 /* DateSection.swift */,
			);
			path = Sections;
			sourceTree = "<group>";
		};
		BC8F1CC92C6CAE4B005D63CB = {
			isa = PBXGroup;
			children = (
				BC8F1CE92C6CAF9C005D63CB /* .gitignore */,
				BC8F1CD42C6CAE4B005D63CB /* Scrolly */,
				BC8F1CD32C6CAE4B005D63CB /* Products */,
			);
			sourceTree = "<group>";
		};
		BC8F1CD32C6CAE4B005D63CB /* Products */ = {
			isa = PBXGroup;
			children = (
				BC8F1CD22C6CAE4B005D63CB /* Scrolly.app */,
			);
			name = Products;
			sourceTree = "<group>";
		};
		BC8F1CD42C6CAE4B005D63CB /* Scrolly */ = {
			isa = PBXGroup;
			children = (
				BC097C6D2C7484C50038A21C /* Presenter */,
				BC8F1D182C6CC059005D63CB /* Storage */,
				BC8F1CEB2C6CB074005D63CB /* Network */,
				BC8F1CD52C6CAE4B005D63CB /* AppDelegate.swift */,
				BC8F1CD72C6CAE4B005D63CB /* SceneDelegate.swift */,
				BC8F1CD92C6CAE4B005D63CB /* DummyDataViewController.swift */,
				BC8F1CDE2C6CAE4D005D63CB /* Assets.xcassets */,
				BC8F1CE02C6CAE4D005D63CB /* LaunchScreen.storyboard */,
				BC8F1CE32C6CAE4D005D63CB /* Info.plist */,
			);
			path = Scrolly;
			sourceTree = "<group>";
		};
		BC8F1CEB2C6CB074005D63CB /* Network */ = {
			isa = PBXGroup;
			children = (
				BC8F1D482C717852005D63CB /* Extension */,
				BC8F1CF82C6CB322005D63CB /* Resource */,
				BC8F1CF72C6CB30A005D63CB /* Query */,
				BC8F1CF62C6CB2CE005D63CB /* ResponseModel */,
				BC8F1CF92C6CB331005D63CB /* AlamofireManager */,
			);
			path = Network;
			sourceTree = "<group>";
		};
		BC8F1CF62C6CB2CE005D63CB /* ResponseModel */ = {
			isa = PBXGroup;
			children = (
				BC8F1D3B2C70B14C005D63CB /* RefreshTokenModel.swift */,
				BC8F1D352C70A264005D63CB /* SigninModel.swift */,
				BC8F1D372C70A85F005D63CB /* LoginModel.swift */,
				BC8F1D3D2C70B999005D63CB /* WithDrawModel.swift */,
				BC8F1D3F2C70BC50005D63CB /* MyProfileModel.swift */,
				BC097C632C73583A0038A21C /* PostsModel.swift */,
				BC8F1D412C70C406005D63CB /* UploadFilesModel.swift */,
				BC097C692C739C3A0038A21C /* GetPostsModel.swift */,
				BC097C982C74F7C20038A21C /* BaseModel.swift */,
				BC097C9A2C7500F80038A21C /* CommentsModel.swift */,
				BC097C9C2C75061D0038A21C /* LikeModel.swift */,
			);
			path = ResponseModel;
			sourceTree = "<group>";
		};
		BC8F1CF72C6CB30A005D63CB /* Query */ = {
			isa = PBXGroup;
			children = (
				BC097C662C737F0B0038A21C /* Builder */,
				BC097C652C737F000038A21C /* Model */,
			);
			path = Query;
			sourceTree = "<group>";
		};
		BC8F1CF82C6CB322005D63CB /* Resource */ = {
			isa = PBXGroup;
			children = (
				BC8F1CEC2C6CB083005D63CB /* APIKey.swift */,
				BC8F1CEE2C6CB08F005D63CB /* APIConstants.swift */,
			);
			path = Resource;
			sourceTree = "<group>";
		};
		BC8F1CF92C6CB331005D63CB /* AlamofireManager */ = {
			isa = PBXGroup;
			children = (
				BC8F1CF22C6CB267005D63CB /* APIManager.swift */,
				BC8F1D252C6CF817005D63CB /* APIClient.swift */,
				BC8F1CF02C6CB25A005D63CB /* APIRouter.swift */,
				BC8F1CF42C6CB26F005D63CB /* TargetType.swift */,
				BC097C612C7330120038A21C /* RetryInterceptor.swift */,
				BC8F1D162C6CB50F005D63CB /* APIError.swift */,
			);
			path = AlamofireManager;
			sourceTree = "<group>";
		};
		BC8F1D182C6CC059005D63CB /* Storage */ = {
			isa = PBXGroup;
			children = (
				BC8F1D192C6CC079005D63CB /* UserDefaultsManager.swift */,
				BC8F1D432C70C4C8005D63CB /* LocalFileManager.swift */,
			);
			path = Storage;
			sourceTree = "<group>";
		};
		BC8F1D482C717852005D63CB /* Extension */ = {
			isa = PBXGroup;
			children = (
				BC8F1D492C717864005D63CB /* KingfisherManager+Extension.swift */,
			);
			path = Extension;
			sourceTree = "<group>";
		};
		BCCBDA6F2C78514400073E31 /* Protocol */ = {
			isa = PBXGroup;
			children = (
				BCCBDA702C78515200073E31 /* ReusableIdentifier.swift */,
				BC06E84C2C7CC80200148785 /* ViewTransitaion.swift */,
				BC06E8502C7CCA8F00148785 /* ViewModelProvider.swift */,
				BC06E8522C7CCB9B00148785 /* ViewControllerProvider.swift */,
			);
			path = Protocol;
			sourceTree = "<group>";
		};
		BCCBDA752C7864FC00073E31 /* CustomView */ = {
			isa = PBXGroup;
			children = (
				BCCBDA762C78651400073E31 /* WaitingFreeImageView.swift */,
				BCCBDA782C78660000073E31 /* WaitingFreeLabel.swift */,
				BCCBDA832C78BE3A00073E31 /* CreatorLabelView.swift */,
				BC06E8542C7CD77000148785 /* HashTagLabel.swift */,
				BC06E8562C7CE03400148785 /* InfoView.swift */,
				BC06E8672C7DBAD100148785 /* CustomButton.swift */,
				BCCBDA6D2C784B2C00073E31 /* collectionViewHeaderView.swift */,
				BC48A9192C7F2674001C9B27 /* EpisodeInfoLabel.swift */,
			);
			path = CustomView;
			sourceTree = "<group>";
		};
		BCCBDA7E2C78886400073E31 /* RecommandCollectionView */ = {
			isa = PBXGroup;
			children = (
				BCCBDA7F2C78887900073E31 /* RecommandCollectionView.swift */,
				BC670A982C7B0A1F006FB171 /* Sections */,
				BC670A972C7B09E6006FB171 /* Cell */,
			);
			path = RecommandCollectionView;
			sourceTree = "<group>";
		};
/* End PBXGroup section */

/* Begin PBXNativeTarget section */
		BC8F1CD12C6CAE4B005D63CB /* Scrolly */ = {
			isa = PBXNativeTarget;
			buildConfigurationList = BC8F1CE62C6CAE4D005D63CB /* Build configuration list for PBXNativeTarget "Scrolly" */;
			buildPhases = (
				BC8F1CCE2C6CAE4B005D63CB /* Sources */,
				BC8F1CCF2C6CAE4B005D63CB /* Frameworks */,
				BC8F1CD02C6CAE4B005D63CB /* Resources */,
			);
			buildRules = (
			);
			dependencies = (
			);
			name = Scrolly;
			packageProductDependencies = (
				BC8F1CFB2C6CB37C005D63CB /* Alamofire */,
				BC8F1CFE2C6CB38A005D63CB /* RxCocoa */,
				BC8F1D002C6CB38A005D63CB /* RxSwift */,
				BC8F1D032C6CB396005D63CB /* Kingfisher */,
				BC8F1D062C6CB3A0005D63CB /* Toast */,
				BC8F1D0E2C6CB3B4005D63CB /* SnapKit */,
				BC8F1D112C6CB3BE005D63CB /* Then */,
				BC8F1D142C6CB3C7005D63CB /* IQKeyboardManagerSwift */,
				BC48A91F2C7F73BB001C9B27 /* Differentiator */,
				BC48A9212C7F73BB001C9B27 /* RxDataSources */,
			);
			productName = Scrolly;
			productReference = BC8F1CD22C6CAE4B005D63CB /* Scrolly.app */;
			productType = "com.apple.product-type.application";
		};
/* End PBXNativeTarget section */

/* Begin PBXProject section */
		BC8F1CCA2C6CAE4B005D63CB /* Project object */ = {
			isa = PBXProject;
			attributes = {
				BuildIndependentTargetsInParallel = 1;
				LastSwiftUpdateCheck = 1540;
				LastUpgradeCheck = 1540;
				TargetAttributes = {
					BC8F1CD12C6CAE4B005D63CB = {
						CreatedOnToolsVersion = 15.4;
					};
				};
			};
			buildConfigurationList = BC8F1CCD2C6CAE4B005D63CB /* Build configuration list for PBXProject "Scrolly" */;
			compatibilityVersion = "Xcode 14.0";
			developmentRegion = en;
			hasScannedForEncodings = 0;
			knownRegions = (
				en,
				Base,
			);
			mainGroup = BC8F1CC92C6CAE4B005D63CB;
			packageReferences = (
				BC8F1CFA2C6CB37C005D63CB /* XCRemoteSwiftPackageReference "Alamofire" */,
				BC8F1CFD2C6CB38A005D63CB /* XCRemoteSwiftPackageReference "RxSwift" */,
				BC8F1D022C6CB396005D63CB /* XCRemoteSwiftPackageReference "Kingfisher" */,
				BC8F1D052C6CB3A0005D63CB /* XCRemoteSwiftPackageReference "Toast-Swift" */,
				BC8F1D0D2C6CB3B4005D63CB /* XCRemoteSwiftPackageReference "SnapKit" */,
				BC8F1D102C6CB3BE005D63CB /* XCRemoteSwiftPackageReference "Then" */,
				BC8F1D132C6CB3C7005D63CB /* XCRemoteSwiftPackageReference "IQKeyboardManager" */,
				BC48A91E2C7F73BB001C9B27 /* XCRemoteSwiftPackageReference "RxDataSources" */,
			);
			productRefGroup = BC8F1CD32C6CAE4B005D63CB /* Products */;
			projectDirPath = "";
			projectRoot = "";
			targets = (
				BC8F1CD12C6CAE4B005D63CB /* Scrolly */,
			);
		};
/* End PBXProject section */

/* Begin PBXResourcesBuildPhase section */
		BC8F1CD02C6CAE4B005D63CB /* Resources */ = {
			isa = PBXResourcesBuildPhase;
			buildActionMask = 2147483647;
			files = (
				BC8F1CDF2C6CAE4D005D63CB /* Assets.xcassets in Resources */,
				BC8F1CEA2C6CAF9C005D63CB /* .gitignore in Resources */,
				BC8F1CE22C6CAE4D005D63CB /* Base in Resources */,
			);
			runOnlyForDeploymentPostprocessing = 0;
		};
/* End PBXResourcesBuildPhase section */

/* Begin PBXSourcesBuildPhase section */
		BC8F1CCE2C6CAE4B005D63CB /* Sources */ = {
			isa = PBXSourcesBuildPhase;
			buildActionMask = 2147483647;
			files = (
				BC097C9D2C75061D0038A21C /* LikeModel.swift in Sources */,
				BC097C682C737F170038A21C /* QueryBuilder.swift in Sources */,
				BC06E8472C7C86EA00148785 /* UIScrollView+Extension.swift in Sources */,
				BC8F1CDA2C6CAE4B005D63CB /* DummyDataViewController.swift in Sources */,
				BC8F1D2A2C6D187E005D63CB /* GetPostsQuery.swift in Sources */,
				BCCBDA792C78660000073E31 /* WaitingFreeLabel.swift in Sources */,
				BC8F1D422C70C406005D63CB /* UploadFilesModel.swift in Sources */,
				BC06E8572C7CE03400148785 /* InfoView.swift in Sources */,
				BC097CCA2C7622160038A21C /* HashTagCollectionView.swift in Sources */,
				BC06E8492C7C8B7700148785 /* NovelDetailViewController.swift in Sources */,
				BC8F1CF12C6CB25A005D63CB /* APIRouter.swift in Sources */,
				BC097C8A2C74E2020038A21C /* BaseViewController.swift in Sources */,
				BC097C832C74E0F70038A21C /* EpisodeViewerViewModel.swift in Sources */,
				BC097CD02C76249C0038A21C /* BaseCollectionViewController.swift in Sources */,
				BC8F1CEF2C6CB08F005D63CB /* APIConstants.swift in Sources */,
				BC8F1CD62C6CAE4B005D63CB /* AppDelegate.swift in Sources */,
				BCCBDA842C78BE3A00073E31 /* CreatorLabelView.swift in Sources */,
				BC8F1CF52C6CB26F005D63CB /* TargetType.swift in Sources */,
				BCCBDA802C78887900073E31 /* RecommandCollectionView.swift in Sources */,
				BC097C642C73583A0038A21C /* PostsModel.swift in Sources */,
				BC48A90A2C7DE4F9001C9B27 /* NovelDetailSection.swift in Sources */,
				BC8F1D282C6D17CB005D63CB /* PostsQuery.swift in Sources */,
				BC097CC52C761E0E0038A21C /* MainView.swift in Sources */,
				BC48A90E2C7DE99E001C9B27 /* EpisodeCell.swift in Sources */,
				BC097C992C74F7C20038A21C /* BaseModel.swift in Sources */,
				BC8F1D3E2C70B999005D63CB /* WithDrawModel.swift in Sources */,
				BC670AA02C7B0A90006FB171 /* RomanceSection.swift in Sources */,
				BC8F1D3C2C70B14C005D63CB /* RefreshTokenModel.swift in Sources */,
				BC06E8682C7DBAD100148785 /* CustomButton.swift in Sources */,
				BC097C782C74C37E0038A21C /* UIView+Extension.swift in Sources */,
				BC06E86D2C7DD49B00148785 /* HashTagListCell.swift in Sources */,
				BC097C912C74E3590038A21C /* Resource.swift in Sources */,
				BC8F1D342C6D2026005D63CB /* HashTagsQuery.swift in Sources */,
				BC097C6A2C739C3A0038A21C /* GetPostsModel.swift in Sources */,
				BC48A91D2C7F4A04001C9B27 /* DateFormatter.swift in Sources */,
				BC097CDA2C76B6F80038A21C /* HashTagSection.swift in Sources */,
				BC097C9B2C7500F80038A21C /* CommentsModel.swift in Sources */,
				BCCBDA672C7739AD00073E31 /* UIImage+Extension.swift in Sources */,
				BCCBDA8A2C7A1BC400073E31 /* UIViewController+Extension.swift in Sources */,
				BC670A9E2C7B0A81006FB171 /* FantasySection.swift in Sources */,
				BC097CD82C76370D0038A21C /* HashTagCollectionViewCell.swift in Sources */,
				BC06E86A2C7DD14B00148785 /* NovelDetailCollectionView.swift in Sources */,
				BC8F1CED2C6CB083005D63CB /* APIKey.swift in Sources */,
				BCCBDA772C78651400073E31 /* WaitingFreeImageView.swift in Sources */,
				BC097C622C7330120038A21C /* RetryInterceptor.swift in Sources */,
				BC06E84B2C7C8BAF00148785 /* NovelDetailView.swift in Sources */,
				BC097C8C2C74E23B0038A21C /* BaseView.swift in Sources */,
				BCCBDA822C7888E900073E31 /* RecommandSection.swift in Sources */,
				BC8F1D202C6CF65D005D63CB /* LoginQuery.swift in Sources */,
				BC097C972C74E4500038A21C /* BaseCollectionResuableView.swift in Sources */,
				BC670AA42C7B0C62006FB171 /* MainSectionProtocol.swift in Sources */,
				BC8F1D1A2C6CC079005D63CB /* UserDefaultsManager.swift in Sources */,
				BC06E8552C7CD77000148785 /* HashTagLabel.swift in Sources */,
				BC8F1D442C70C4C8005D63CB /* LocalFileManager.swift in Sources */,
				BC8F1D2C2C6D1CD2005D63CB /* CommentsQuery.swift in Sources */,
				BC06E84D2C7CC80200148785 /* ViewTransitaion.swift in Sources */,
				BC8F1D4A2C717864005D63CB /* KingfisherManager+Extension.swift in Sources */,
				BC06E8532C7CCB9B00148785 /* ViewControllerProvider.swift in Sources */,
				BC8F1D402C70BC50005D63CB /* MyProfileModel.swift in Sources */,
				BCCBDA712C78515200073E31 /* ReusableIdentifier.swift in Sources */,
				BC48A90C2C7DE96F001C9B27 /* DescriptionCell.swift in Sources */,
				BCCBDA882C79BCB000073E31 /* RecentlyCollectionViewCell.swift in Sources */,
				BC48A9262C7F8975001C9B27 /* EpisodeViewerView.swift in Sources */,
				BC8F1D262C6CF817005D63CB /* APIClient.swift in Sources */,
				BC097C8E2C74E2CB0038A21C /* BaseCollectionViewCell.swift in Sources */,
				BCCBDA6E2C784B2C00073E31 /* collectionViewHeaderView.swift in Sources */,
				BC48A91A2C7F2674001C9B27 /* EpisodeInfoLabel.swift in Sources */,
				BC06E84F2C7CC83800148785 /* NovelDetailViewModel.swift in Sources */,
				BC8F1D382C70A85F005D63CB /* LoginModel.swift in Sources */,
				BC8F1CD82C6CAE4B005D63CB /* SceneDelegate.swift in Sources */,
				BC48A9242C7F741F001C9B27 /* NovelDetailSectionModel.swift in Sources */,
				BC670A9A2C7B0A60006FB171 /* MaleSection.swift in Sources */,
				BC097C732C7485270038A21C /* EpisodeViewerViewController.swift in Sources */,
				BC097CC32C761E020038A21C /* MainViewController.swift in Sources */,
				BC670A9C2C7B0A6E006FB171 /* FemaleSection.swift in Sources */,
				BC8F1D242C6CF711005D63CB /* UploadFilesQuery.swift in Sources */,
				BC8F1D2E2C6D1DE1005D63CB /* LikeQuery.swift in Sources */,
				BC097CBF2C761CB40038A21C /* BaseViewModel.swift in Sources */,
				BCCBDA632C77250E00073E31 /* BannerCollectionViewCell.swift in Sources */,
				BC8F1CF32C6CB267005D63CB /* APIManager.swift in Sources */,
				BCCBDA6C2C7837EE00073E31 /* RecommandCollectionViewCell.swift in Sources */,
				BC8F1D1C2C6CF289005D63CB /* SigninQuery.swift in Sources */,
				BC097C952C74E3C80038A21C /* UIColor+Extension.swift in Sources */,
				BC8F1D322C6D1FD3005D63CB /* MyProfileQuery.swift in Sources */,
				BC8F1D1E2C6CF609005D63CB /* EmailValidationQuery.swift in Sources */,
				BC8F1D172C6CB50F005D63CB /* APIError.swift in Sources */,
				BC06E8512C7CCA8F00148785 /* ViewModelProvider.swift in Sources */,
				BC8F1D302C6D1F45005D63CB /* LikedPostsQuery.swift in Sources */,
				BC8F1D362C70A264005D63CB /* SigninModel.swift in Sources */,
				BC670AA22C7B0A96006FB171 /* DateSection.swift in Sources */,
				BC097CC12C761DA90038A21C /* MainViewModel.swift in Sources */,
			);
			runOnlyForDeploymentPostprocessing = 0;
		};
/* End PBXSourcesBuildPhase section */

/* Begin PBXVariantGroup section */
		BC8F1CE02C6CAE4D005D63CB /* LaunchScreen.storyboard */ = {
			isa = PBXVariantGroup;
			children = (
				BC8F1CE12C6CAE4D005D63CB /* Base */,
			);
			name = LaunchScreen.storyboard;
			sourceTree = "<group>";
		};
/* End PBXVariantGroup section */

/* Begin XCBuildConfiguration section */
		BC8F1CE42C6CAE4D005D63CB /* Debug */ = {
			isa = XCBuildConfiguration;
			buildSettings = {
				ALWAYS_SEARCH_USER_PATHS = NO;
				ASSETCATALOG_COMPILER_GENERATE_SWIFT_ASSET_SYMBOL_EXTENSIONS = YES;
				CLANG_ANALYZER_NONNULL = YES;
				CLANG_ANALYZER_NUMBER_OBJECT_CONVERSION = YES_AGGRESSIVE;
				CLANG_CXX_LANGUAGE_STANDARD = "gnu++20";
				CLANG_ENABLE_MODULES = YES;
				CLANG_ENABLE_OBJC_ARC = YES;
				CLANG_ENABLE_OBJC_WEAK = YES;
				CLANG_WARN_BLOCK_CAPTURE_AUTORELEASING = YES;
				CLANG_WARN_BOOL_CONVERSION = YES;
				CLANG_WARN_COMMA = YES;
				CLANG_WARN_CONSTANT_CONVERSION = YES;
				CLANG_WARN_DEPRECATED_OBJC_IMPLEMENTATIONS = YES;
				CLANG_WARN_DIRECT_OBJC_ISA_USAGE = YES_ERROR;
				CLANG_WARN_DOCUMENTATION_COMMENTS = YES;
				CLANG_WARN_EMPTY_BODY = YES;
				CLANG_WARN_ENUM_CONVERSION = YES;
				CLANG_WARN_INFINITE_RECURSION = YES;
				CLANG_WARN_INT_CONVERSION = YES;
				CLANG_WARN_NON_LITERAL_NULL_CONVERSION = YES;
				CLANG_WARN_OBJC_IMPLICIT_RETAIN_SELF = YES;
				CLANG_WARN_OBJC_LITERAL_CONVERSION = YES;
				CLANG_WARN_OBJC_ROOT_CLASS = YES_ERROR;
				CLANG_WARN_QUOTED_INCLUDE_IN_FRAMEWORK_HEADER = YES;
				CLANG_WARN_RANGE_LOOP_ANALYSIS = YES;
				CLANG_WARN_STRICT_PROTOTYPES = YES;
				CLANG_WARN_SUSPICIOUS_MOVE = YES;
				CLANG_WARN_UNGUARDED_AVAILABILITY = YES_AGGRESSIVE;
				CLANG_WARN_UNREACHABLE_CODE = YES;
				CLANG_WARN__DUPLICATE_METHOD_MATCH = YES;
				COPY_PHASE_STRIP = NO;
				DEBUG_INFORMATION_FORMAT = dwarf;
				ENABLE_STRICT_OBJC_MSGSEND = YES;
				ENABLE_TESTABILITY = YES;
				ENABLE_USER_SCRIPT_SANDBOXING = YES;
				GCC_C_LANGUAGE_STANDARD = gnu17;
				GCC_DYNAMIC_NO_PIC = NO;
				GCC_NO_COMMON_BLOCKS = YES;
				GCC_OPTIMIZATION_LEVEL = 0;
				GCC_PREPROCESSOR_DEFINITIONS = (
					"DEBUG=1",
					"$(inherited)",
				);
				GCC_WARN_64_TO_32_BIT_CONVERSION = YES;
				GCC_WARN_ABOUT_RETURN_TYPE = YES_ERROR;
				GCC_WARN_UNDECLARED_SELECTOR = YES;
				GCC_WARN_UNINITIALIZED_AUTOS = YES_AGGRESSIVE;
				GCC_WARN_UNUSED_FUNCTION = YES;
				GCC_WARN_UNUSED_VARIABLE = YES;
				IPHONEOS_DEPLOYMENT_TARGET = 17.5;
				LOCALIZATION_PREFERS_STRING_CATALOGS = YES;
				MTL_ENABLE_DEBUG_INFO = INCLUDE_SOURCE;
				MTL_FAST_MATH = YES;
				ONLY_ACTIVE_ARCH = YES;
				SDKROOT = iphoneos;
				SWIFT_ACTIVE_COMPILATION_CONDITIONS = "DEBUG $(inherited)";
				SWIFT_OPTIMIZATION_LEVEL = "-Onone";
			};
			name = Debug;
		};
		BC8F1CE52C6CAE4D005D63CB /* Release */ = {
			isa = XCBuildConfiguration;
			buildSettings = {
				ALWAYS_SEARCH_USER_PATHS = NO;
				ASSETCATALOG_COMPILER_GENERATE_SWIFT_ASSET_SYMBOL_EXTENSIONS = YES;
				CLANG_ANALYZER_NONNULL = YES;
				CLANG_ANALYZER_NUMBER_OBJECT_CONVERSION = YES_AGGRESSIVE;
				CLANG_CXX_LANGUAGE_STANDARD = "gnu++20";
				CLANG_ENABLE_MODULES = YES;
				CLANG_ENABLE_OBJC_ARC = YES;
				CLANG_ENABLE_OBJC_WEAK = YES;
				CLANG_WARN_BLOCK_CAPTURE_AUTORELEASING = YES;
				CLANG_WARN_BOOL_CONVERSION = YES;
				CLANG_WARN_COMMA = YES;
				CLANG_WARN_CONSTANT_CONVERSION = YES;
				CLANG_WARN_DEPRECATED_OBJC_IMPLEMENTATIONS = YES;
				CLANG_WARN_DIRECT_OBJC_ISA_USAGE = YES_ERROR;
				CLANG_WARN_DOCUMENTATION_COMMENTS = YES;
				CLANG_WARN_EMPTY_BODY = YES;
				CLANG_WARN_ENUM_CONVERSION = YES;
				CLANG_WARN_INFINITE_RECURSION = YES;
				CLANG_WARN_INT_CONVERSION = YES;
				CLANG_WARN_NON_LITERAL_NULL_CONVERSION = YES;
				CLANG_WARN_OBJC_IMPLICIT_RETAIN_SELF = YES;
				CLANG_WARN_OBJC_LITERAL_CONVERSION = YES;
				CLANG_WARN_OBJC_ROOT_CLASS = YES_ERROR;
				CLANG_WARN_QUOTED_INCLUDE_IN_FRAMEWORK_HEADER = YES;
				CLANG_WARN_RANGE_LOOP_ANALYSIS = YES;
				CLANG_WARN_STRICT_PROTOTYPES = YES;
				CLANG_WARN_SUSPICIOUS_MOVE = YES;
				CLANG_WARN_UNGUARDED_AVAILABILITY = YES_AGGRESSIVE;
				CLANG_WARN_UNREACHABLE_CODE = YES;
				CLANG_WARN__DUPLICATE_METHOD_MATCH = YES;
				COPY_PHASE_STRIP = NO;
				DEBUG_INFORMATION_FORMAT = "dwarf-with-dsym";
				ENABLE_NS_ASSERTIONS = NO;
				ENABLE_STRICT_OBJC_MSGSEND = YES;
				ENABLE_USER_SCRIPT_SANDBOXING = YES;
				GCC_C_LANGUAGE_STANDARD = gnu17;
				GCC_NO_COMMON_BLOCKS = YES;
				GCC_WARN_64_TO_32_BIT_CONVERSION = YES;
				GCC_WARN_ABOUT_RETURN_TYPE = YES_ERROR;
				GCC_WARN_UNDECLARED_SELECTOR = YES;
				GCC_WARN_UNINITIALIZED_AUTOS = YES_AGGRESSIVE;
				GCC_WARN_UNUSED_FUNCTION = YES;
				GCC_WARN_UNUSED_VARIABLE = YES;
				IPHONEOS_DEPLOYMENT_TARGET = 17.5;
				LOCALIZATION_PREFERS_STRING_CATALOGS = YES;
				MTL_ENABLE_DEBUG_INFO = NO;
				MTL_FAST_MATH = YES;
				SDKROOT = iphoneos;
				SWIFT_COMPILATION_MODE = wholemodule;
				VALIDATE_PRODUCT = YES;
			};
			name = Release;
		};
		BC8F1CE72C6CAE4D005D63CB /* Debug */ = {
			isa = XCBuildConfiguration;
			buildSettings = {
				ASSETCATALOG_COMPILER_APPICON_NAME = AppIcon;
				ASSETCATALOG_COMPILER_GLOBAL_ACCENT_COLOR_NAME = AccentColor;
				CODE_SIGN_STYLE = Automatic;
				CURRENT_PROJECT_VERSION = 1;
				DEVELOPMENT_TEAM = F8FT97JYZT;
				GENERATE_INFOPLIST_FILE = YES;
				INFOPLIST_FILE = Scrolly/Info.plist;
				INFOPLIST_KEY_UIApplicationSupportsIndirectInputEvents = YES;
				INFOPLIST_KEY_UILaunchStoryboardName = LaunchScreen;
				INFOPLIST_KEY_UISupportedInterfaceOrientations = UIInterfaceOrientationPortrait;
				INFOPLIST_KEY_UISupportedInterfaceOrientations_iPad = UIInterfaceOrientationPortrait;
				IPHONEOS_DEPLOYMENT_TARGET = 16.0;
				LD_RUNPATH_SEARCH_PATHS = (
					"$(inherited)",
					"@executable_path/Frameworks",
				);
				MARKETING_VERSION = 1.0;
				PRODUCT_BUNDLE_IDENTIFIER = tunastorm.Scrolly;
				PRODUCT_NAME = "$(TARGET_NAME)";
				SUPPORTED_PLATFORMS = "iphoneos iphonesimulator";
				SUPPORTS_MACCATALYST = NO;
				SUPPORTS_MAC_DESIGNED_FOR_IPHONE_IPAD = NO;
				SUPPORTS_XR_DESIGNED_FOR_IPHONE_IPAD = NO;
				SWIFT_EMIT_LOC_STRINGS = YES;
				SWIFT_VERSION = 5.0;
				TARGETED_DEVICE_FAMILY = 1;
			};
			name = Debug;
		};
		BC8F1CE82C6CAE4D005D63CB /* Release */ = {
			isa = XCBuildConfiguration;
			buildSettings = {
				ASSETCATALOG_COMPILER_APPICON_NAME = AppIcon;
				ASSETCATALOG_COMPILER_GLOBAL_ACCENT_COLOR_NAME = AccentColor;
				CODE_SIGN_STYLE = Automatic;
				CURRENT_PROJECT_VERSION = 1;
				DEVELOPMENT_TEAM = F8FT97JYZT;
				GENERATE_INFOPLIST_FILE = YES;
				INFOPLIST_FILE = Scrolly/Info.plist;
				INFOPLIST_KEY_UIApplicationSupportsIndirectInputEvents = YES;
				INFOPLIST_KEY_UILaunchStoryboardName = LaunchScreen;
				INFOPLIST_KEY_UISupportedInterfaceOrientations = UIInterfaceOrientationPortrait;
				INFOPLIST_KEY_UISupportedInterfaceOrientations_iPad = UIInterfaceOrientationPortrait;
				IPHONEOS_DEPLOYMENT_TARGET = 16.0;
				LD_RUNPATH_SEARCH_PATHS = (
					"$(inherited)",
					"@executable_path/Frameworks",
				);
				MARKETING_VERSION = 1.0;
				PRODUCT_BUNDLE_IDENTIFIER = tunastorm.Scrolly;
				PRODUCT_NAME = "$(TARGET_NAME)";
				SUPPORTED_PLATFORMS = "iphoneos iphonesimulator";
				SUPPORTS_MACCATALYST = NO;
				SUPPORTS_MAC_DESIGNED_FOR_IPHONE_IPAD = NO;
				SUPPORTS_XR_DESIGNED_FOR_IPHONE_IPAD = NO;
				SWIFT_EMIT_LOC_STRINGS = YES;
				SWIFT_VERSION = 5.0;
				TARGETED_DEVICE_FAMILY = 1;
			};
			name = Release;
		};
/* End XCBuildConfiguration section */

/* Begin XCConfigurationList section */
		BC8F1CCD2C6CAE4B005D63CB /* Build configuration list for PBXProject "Scrolly" */ = {
			isa = XCConfigurationList;
			buildConfigurations = (
				BC8F1CE42C6CAE4D005D63CB /* Debug */,
				BC8F1CE52C6CAE4D005D63CB /* Release */,
			);
			defaultConfigurationIsVisible = 0;
			defaultConfigurationName = Release;
		};
		BC8F1CE62C6CAE4D005D63CB /* Build configuration list for PBXNativeTarget "Scrolly" */ = {
			isa = XCConfigurationList;
			buildConfigurations = (
				BC8F1CE72C6CAE4D005D63CB /* Debug */,
				BC8F1CE82C6CAE4D005D63CB /* Release */,
			);
			defaultConfigurationIsVisible = 0;
			defaultConfigurationName = Release;
		};
/* End XCConfigurationList section */

/* Begin XCRemoteSwiftPackageReference section */
		BC48A91E2C7F73BB001C9B27 /* XCRemoteSwiftPackageReference "RxDataSources" */ = {
			isa = XCRemoteSwiftPackageReference;
			repositoryURL = "https://github.com/RxSwiftCommunity/RxDataSources.git";
			requirement = {
				kind = upToNextMajorVersion;
				minimumVersion = 5.0.2;
			};
		};
		BC8F1CFA2C6CB37C005D63CB /* XCRemoteSwiftPackageReference "Alamofire" */ = {
			isa = XCRemoteSwiftPackageReference;
			repositoryURL = "https://github.com/Alamofire/Alamofire.git";
			requirement = {
				kind = upToNextMajorVersion;
				minimumVersion = 5.9.1;
			};
		};
		BC8F1CFD2C6CB38A005D63CB /* XCRemoteSwiftPackageReference "RxSwift" */ = {
			isa = XCRemoteSwiftPackageReference;
			repositoryURL = "https://github.com/ReactiveX/RxSwift.git";
			requirement = {
				kind = upToNextMajorVersion;
				minimumVersion = 6.7.1;
			};
		};
		BC8F1D022C6CB396005D63CB /* XCRemoteSwiftPackageReference "Kingfisher" */ = {
			isa = XCRemoteSwiftPackageReference;
			repositoryURL = "https://github.com/onevcat/Kingfisher.git";
			requirement = {
				kind = upToNextMajorVersion;
				minimumVersion = 7.12.0;
			};
		};
		BC8F1D052C6CB3A0005D63CB /* XCRemoteSwiftPackageReference "Toast-Swift" */ = {
			isa = XCRemoteSwiftPackageReference;
			repositoryURL = "https://github.com/scalessec/Toast-Swift.git";
			requirement = {
				kind = upToNextMajorVersion;
				minimumVersion = 5.1.1;
			};
		};
		BC8F1D0D2C6CB3B4005D63CB /* XCRemoteSwiftPackageReference "SnapKit" */ = {
			isa = XCRemoteSwiftPackageReference;
			repositoryURL = "https://github.com/SnapKit/SnapKit.git";
			requirement = {
				kind = upToNextMajorVersion;
				minimumVersion = 5.7.1;
			};
		};
		BC8F1D102C6CB3BE005D63CB /* XCRemoteSwiftPackageReference "Then" */ = {
			isa = XCRemoteSwiftPackageReference;
			repositoryURL = "https://github.com/devxoul/Then.git";
			requirement = {
				kind = upToNextMajorVersion;
				minimumVersion = 3.0.0;
			};
		};
		BC8F1D132C6CB3C7005D63CB /* XCRemoteSwiftPackageReference "IQKeyboardManager" */ = {
			isa = XCRemoteSwiftPackageReference;
			repositoryURL = "https://github.com/hackiftekhar/IQKeyboardManager.git";
			requirement = {
				kind = upToNextMajorVersion;
				minimumVersion = 7.1.1;
			};
		};
/* End XCRemoteSwiftPackageReference section */

/* Begin XCSwiftPackageProductDependency section */
		BC48A91F2C7F73BB001C9B27 /* Differentiator */ = {
			isa = XCSwiftPackageProductDependency;
			package = BC48A91E2C7F73BB001C9B27 /* XCRemoteSwiftPackageReference "RxDataSources" */;
			productName = Differentiator;
		};
		BC48A9212C7F73BB001C9B27 /* RxDataSources */ = {
			isa = XCSwiftPackageProductDependency;
			package = BC48A91E2C7F73BB001C9B27 /* XCRemoteSwiftPackageReference "RxDataSources" */;
			productName = RxDataSources;
		};
		BC8F1CFB2C6CB37C005D63CB /* Alamofire */ = {
			isa = XCSwiftPackageProductDependency;
			package = BC8F1CFA2C6CB37C005D63CB /* XCRemoteSwiftPackageReference "Alamofire" */;
			productName = Alamofire;
		};
		BC8F1CFE2C6CB38A005D63CB /* RxCocoa */ = {
			isa = XCSwiftPackageProductDependency;
			package = BC8F1CFD2C6CB38A005D63CB /* XCRemoteSwiftPackageReference "RxSwift" */;
			productName = RxCocoa;
		};
		BC8F1D002C6CB38A005D63CB /* RxSwift */ = {
			isa = XCSwiftPackageProductDependency;
			package = BC8F1CFD2C6CB38A005D63CB /* XCRemoteSwiftPackageReference "RxSwift" */;
			productName = RxSwift;
		};
		BC8F1D032C6CB396005D63CB /* Kingfisher */ = {
			isa = XCSwiftPackageProductDependency;
			package = BC8F1D022C6CB396005D63CB /* XCRemoteSwiftPackageReference "Kingfisher" */;
			productName = Kingfisher;
		};
		BC8F1D062C6CB3A0005D63CB /* Toast */ = {
			isa = XCSwiftPackageProductDependency;
			package = BC8F1D052C6CB3A0005D63CB /* XCRemoteSwiftPackageReference "Toast-Swift" */;
			productName = Toast;
		};
		BC8F1D0E2C6CB3B4005D63CB /* SnapKit */ = {
			isa = XCSwiftPackageProductDependency;
			package = BC8F1D0D2C6CB3B4005D63CB /* XCRemoteSwiftPackageReference "SnapKit" */;
			productName = SnapKit;
		};
		BC8F1D112C6CB3BE005D63CB /* Then */ = {
			isa = XCSwiftPackageProductDependency;
			package = BC8F1D102C6CB3BE005D63CB /* XCRemoteSwiftPackageReference "Then" */;
			productName = Then;
		};
		BC8F1D142C6CB3C7005D63CB /* IQKeyboardManagerSwift */ = {
			isa = XCSwiftPackageProductDependency;
			package = BC8F1D132C6CB3C7005D63CB /* XCRemoteSwiftPackageReference "IQKeyboardManager" */;
			productName = IQKeyboardManagerSwift;
		};
/* End XCSwiftPackageProductDependency section */
	};
	rootObject = BC8F1CCA2C6CAE4B005D63CB /* Project object */;
}
